
Microsoft Visual Studio Solution File, Format Version 12.00
# Visual Studio Version 17
VisualStudioVersion = 17.10.34916.146
MinimumVisualStudioVersion = 10.0.40219.1
Project("{9A19103F-16F7-4668-BE54-9A1E7A4F7556}") = "MaigicVilla_VillaAPI", "MaigicVilla_VillaAPI\MaigicVilla_VillaAPI.csproj", "{7CA9B0B6-386D-497B-8500-9294775C9003}"
EndProject
Project("{FAE04EC0-301F-11D3-BF4B-00C04F79EFBC}") = "MagicVilla_Web", "MagicVilla_Web\MagicVilla_Web.csproj", "{EE989398-F646-465F-9C20-93C29CCF2871}"
EndProject
Project("{FAE04EC0-301F-11D3-BF4B-00C04F79EFBC}") = "MagicVilla_Utility", "MagicVilla_Utility\MagicVilla_Utility.csproj", "{356304D1-444E-4A37-A8D0-D9C7A2E4317B}"
EndProject
Global
	GlobalSection(SolutionConfigurationPlatforms) = preSolution
		Debug|Any CPU = Debug|Any CPU
		Release|Any CPU = Release|Any CPU
	EndGlobalSection
	GlobalSection(ProjectConfigurationPlatforms) = postSolution
		{7CA9B0B6-386D-497B-8500-9294775C9003}.Debug|Any CPU.ActiveCfg = Debug|Any CPU
		{7CA9B0B6-386D-497B-8500-9294775C9003}.Debug|Any CPU.Build.0 = Debug|Any CPU
		{7CA9B0B6-386D-497B-8500-9294775C9003}.Release|Any CPU.ActiveCfg = Release|Any CPU
		{7CA9B0B6-386D-497B-8500-9294775C9003}.Release|Any CPU.Build.0 = Release|Any CPU
		{EE989398-F646-465F-9C20-93C29CCF2871}.Debug|Any CPU.ActiveCfg = Debug|Any CPU
		{EE989398-F646-465F-9C20-93C29CCF2871}.Debug|Any CPU.Build.0 = Debug|Any CPU
		{EE989398-F646-465F-9C20-93C29CCF2871}.Release|Any CPU.ActiveCfg = Release|Any CPU
		{EE989398-F646-465F-9C20-93C29CCF2871}.Release|Any CPU.Build.0 = Release|Any CPU
		{356304D1-444E-4A37-A8D0-D9C7A2E4317B}.Debug|Any CPU.ActiveCfg = Debug|Any CPU
		{356304D1-444E-4A37-A8D0-D9C7A2E4317B}.Debug|Any CPU.Build.0 = Debug|Any CPU
		{356304D1-444E-4A37-A8D0-D9C7A2E4317B}.Release|Any CPU.ActiveCfg = Release|Any CPU
		{356304D1-444E-4A37-A8D0-D9C7A2E4317B}.Release|Any CPU.Build.0 = Release|Any CPU
	EndGlobalSection
	GlobalSection(SolutionProperties) = preSolution
		HideSolutionNode = FALSE
	EndGlobalSection
	GlobalSection(ExtensibilityGlobals) = postSolution
		SolutionGuid = {5439249C-4DC1-42BD-94F5-9B7035FCC3F6}
	EndGlobalSection
EndGlobal
